
Microsoft Visual Studio Solution File, Format Version 12.00
# Visual Studio Version 17
VisualStudioVersion = 17.8.34330.188
MinimumVisualStudioVersion = 10.0.40219.1
Project("{FAE04EC0-301F-11D3-BF4B-00C04F79EFBC}") = "CourseProject", "CourseProject.csproj", "{5C26AB4D-7C0D-4CC3-B653-80D7B6981D87}"
EndProject
Global
	GlobalSection(SolutionConfigurationPlatforms) = preSolution
		Debug|Any CPU = Debug|Any CPU
		Release|Any CPU = Release|Any CPU
	EndGlobalSection
	GlobalSection(ProjectConfigurationPlatforms) = postSolution
		{5C26AB4D-7C0D-4CC3-B653-80D7B6981D87}.Debug|Any CPU.ActiveCfg = Debug|Any CPU
		{5C26AB4D-7C0D-4CC3-B653-80D7B6981D87}.Debug|Any CPU.Build.0 = Debug|Any CPU
		{5C26AB4D-7C0D-4CC3-B653-80D7B6981D87}.Release|Any CPU.ActiveCfg = Release|Any CPU
		{5C26AB4D-7C0D-4CC3-B653-80D7B6981D87}.Release|Any CPU.Build.0 = Release|Any CPU
	EndGlobalSection
	GlobalSection(SolutionProperties) = preSolution
		HideSolutionNode = FALSE
	EndGlobalSection
	GlobalSection(ExtensibilityGlobals) = postSolution
		SolutionGuid = {AEBF230C-89E0-42A5-912B-E3635337C036}
	EndGlobalSection
EndGlobal
