
Microsoft Visual Studio Solution File, Format Version 12.00
# Visual Studio Version 16
VisualStudioVersion = 16.0.29201.188
MinimumVisualStudioVersion = 10.0.40219.1
Project("{FAE04EC0-301F-11D3-BF4B-00C04F79EFBC}") = "LAB5", "LAB5.csproj", "{DF96C9BD-F820-4222-9D27-94F07298F8D1}"
EndProject
Global
	GlobalSection(SolutionConfigurationPlatforms) = preSolution
		Debug|Any CPU = Debug|Any CPU
		Release|Any CPU = Release|Any CPU
	EndGlobalSection
	GlobalSection(ProjectConfigurationPlatforms) = postSolution
		{DF96C9BD-F820-4222-9D27-94F07298F8D1}.Debug|Any CPU.ActiveCfg = Debug|Any CPU
		{DF96C9BD-F820-4222-9D27-94F07298F8D1}.Debug|Any CPU.Build.0 = Debug|Any CPU
		{DF96C9BD-F820-4222-9D27-94F07298F8D1}.Release|Any CPU.ActiveCfg = Release|Any CPU
		{DF96C9BD-F820-4222-9D27-94F07298F8D1}.Release|Any CPU.Build.0 = Release|Any CPU
	EndGlobalSection
	GlobalSection(SolutionProperties) = preSolution
		HideSolutionNode = FALSE
	EndGlobalSection
	GlobalSection(ExtensibilityGlobals) = postSolution
		SolutionGuid = {9C667894-25CA-4DDA-B590-4575CD250379}
	EndGlobalSection
EndGlobal
